// !$*UTF8*$!
{
	archiveVersion = 1;
	classes = {
	};
	objectVersion = 56;
	objects = {

/* Begin PBXBuildFile section */
		E61511FD2AA615430076CA05 /* AppDelegate.swift in Sources */ = {isa = PBXBuildFile; fileRef = E61511FC2AA615430076CA05 /* AppDelegate.swift */; };
		E61511FF2AA615430076CA05 /* SceneDelegate.swift in Sources */ = {isa = PBXBuildFile; fileRef = E61511FE2AA615430076CA05 /* SceneDelegate.swift */; };
		E61512012AA615430076CA05 /* ViewController.swift in Sources */ = {isa = PBXBuildFile; fileRef = E61512002AA615430076CA05 /* ViewController.swift */; };
		E61512042AA615430076CA05 /* Main.storyboard in Resources */ = {isa = PBXBuildFile; fileRef = E61512022AA615430076CA05 /* Main.storyboard */; };
		E61512062AA615440076CA05 /* Assets.xcassets in Resources */ = {isa = PBXBuildFile; fileRef = E61512052AA615440076CA05 /* Assets.xcassets */; };
		E61512092AA615440076CA05 /* LaunchScreen.storyboard in Resources */ = {isa = PBXBuildFile; fileRef = E61512072AA615440076CA05 /* LaunchScreen.storyboard */; };
		E61512112AA619860076CA05 /* HomeTableViewHeader.xib in Resources */ = {isa = PBXBuildFile; fileRef = E61512102AA619860076CA05 /* HomeTableViewHeader.xib */; };
		E61512132AA61CD90076CA05 /* HomeTableViewHeader.swift in Sources */ = {isa = PBXBuildFile; fileRef = E61512122AA61CD90076CA05 /* HomeTableViewHeader.swift */; };
		E615121D2AA6513F0076CA05 /* DestaquesViagemTableViewCell.swift in Sources */ = {isa = PBXBuildFile; fileRef = E615121B2AA6513F0076CA05 /* DestaquesViagemTableViewCell.swift */; };
		E615121E2AA6513F0076CA05 /* DestaquesViagemTableViewCell.xib in Resources */ = {isa = PBXBuildFile; fileRef = E615121C2AA6513F0076CA05 /* DestaquesViagemTableViewCell.xib */; };
		E61512212AA65CF80076CA05 /* server-response.json in Resources */ = {isa = PBXBuildFile; fileRef = E61512202AA65CF80076CA05 /* server-response.json */; };
		E61512232AA65D160076CA05 /* DecodableData.swift in Sources */ = {isa = PBXBuildFile; fileRef = E61512222AA65D160076CA05 /* DecodableData.swift */; };
		E61512252AA65D220076CA05 /* TiposDeViagens.swift in Sources */ = {isa = PBXBuildFile; fileRef = E61512242AA65D220076CA05 /* TiposDeViagens.swift */; };
		E61512272AA65D290076CA05 /* Viagem.swift in Sources */ = {isa = PBXBuildFile; fileRef = E61512262AA65D290076CA05 /* Viagem.swift */; };
		E61512292AA65D9D0076CA05 /* ViagemViewModel.swift in Sources */ = {isa = PBXBuildFile; fileRef = E61512282AA65D9D0076CA05 /* ViagemViewModel.swift */; };
		E615122B2AA65E840076CA05 /* ViagemDestaqueViewModel.swift in Sources */ = {isa = PBXBuildFile; fileRef = E615122A2AA65E840076CA05 /* ViagemDestaqueViewModel.swift */; };
		E61512332AA761740076CA05 /* OfertaViagemTableViewCell.swift in Sources */ = {isa = PBXBuildFile; fileRef = E61512312AA761740076CA05 /* OfertaViagemTableViewCell.swift */; };
		E61512342AA761740076CA05 /* OfertaViagemTableViewCell.xib in Resources */ = {isa = PBXBuildFile; fileRef = E61512322AA761740076CA05 /* OfertaViagemTableViewCell.xib */; };
		E61512362AA762690076CA05 /* ViagemOfertaViewModel.swift in Sources */ = {isa = PBXBuildFile; fileRef = E61512352AA762690076CA05 /* ViagemOfertaViewModel.swift */; };
		E6E8A9FA2AA92A9400828EC7 /* DetalhesViewController.swift in Sources */ = {isa = PBXBuildFile; fileRef = E6E8A9F82AA92A9400828EC7 /* DetalhesViewController.swift */; };
		E6E8A9FB2AA92A9400828EC7 /* DetalhesViewController.xib in Resources */ = {isa = PBXBuildFile; fileRef = E6E8A9F92AA92A9400828EC7 /* DetalhesViewController.xib */; };
		E6F589452ABCBA5400B52849 /* UIView+Extension.swift in Sources */ = {isa = PBXBuildFile; fileRef = E6F589442ABCBA5400B52849 /* UIView+Extension.swift */; };
		E6F5894A2ABCBB3400B52849 /* MainCoordinator.swift in Sources */ = {isa = PBXBuildFile; fileRef = E6F589482ABCBB3400B52849 /* MainCoordinator.swift */; };
		E6F5894B2ABCBB3400B52849 /* Coordinator.swift in Sources */ = {isa = PBXBuildFile; fileRef = E6F589492ABCBB3400B52849 /* Coordinator.swift */; };
		E6F5894E2ABCC38C00B52849 /* Main2.swift in Sources */ = {isa = PBXBuildFile; fileRef = E6F5894C2ABCC38C00B52849 /* Main2.swift */; };
		E6F5894F2ABCC38C00B52849 /* Main2.xib in Resources */ = {isa = PBXBuildFile; fileRef = E6F5894D2ABCC38C00B52849 /* Main2.xib */; };
		E6F589512ABE19FA00B52849 /* DetailsCoordinator.swift in Sources */ = {isa = PBXBuildFile; fileRef = E6F589502ABE19FA00B52849 /* DetailsCoordinator.swift */; };
		E6F589532ABE353000B52849 /* Duvidas.swift in Sources */ = {isa = PBXBuildFile; fileRef = E6F589522ABE353000B52849 /* Duvidas.swift */; };
/* End PBXBuildFile section */

/* Begin PBXFileReference section */
		E61511F92AA615430076CA05 /* Alura_Viagens.app */ = {isa = PBXFileReference; explicitFileType = wrapper.application; includeInIndex = 0; path = Alura_Viagens.app; sourceTree = BUILT_PRODUCTS_DIR; };
		E61511FC2AA615430076CA05 /* AppDelegate.swift */ = {isa = PBXFileReference; lastKnownFileType = sourcecode.swift; path = AppDelegate.swift; sourceTree = "<group>"; };
		E61511FE2AA615430076CA05 /* SceneDelegate.swift */ = {isa = PBXFileReference; lastKnownFileType = sourcecode.swift; path = SceneDelegate.swift; sourceTree = "<group>"; };
		E61512002AA615430076CA05 /* ViewController.swift */ = {isa = PBXFileReference; lastKnownFileType = sourcecode.swift; path = ViewController.swift; sourceTree = "<group>"; };
		E61512032AA615430076CA05 /* Base */ = {isa = PBXFileReference; lastKnownFileType = file.storyboard; name = Base; path = Base.lproj/Main.storyboard; sourceTree = "<group>"; };
		E61512052AA615440076CA05 /* Assets.xcassets */ = {isa = PBXFileReference; lastKnownFileType = folder.assetcatalog; path = Assets.xcassets; sourceTree = "<group>"; };
		E61512082AA615440076CA05 /* Base */ = {isa = PBXFileReference; lastKnownFileType = file.storyboard; name = Base; path = Base.lproj/LaunchScreen.storyboard; sourceTree = "<group>"; };
		E615120A2AA615440076CA05 /* Info.plist */ = {isa = PBXFileReference; lastKnownFileType = text.plist.xml; path = Info.plist; sourceTree = "<group>"; };
		E61512102AA619860076CA05 /* HomeTableViewHeader.xib */ = {isa = PBXFileReference; lastKnownFileType = file.xib; path = HomeTableViewHeader.xib; sourceTree = "<group>"; };
		E61512122AA61CD90076CA05 /* HomeTableViewHeader.swift */ = {isa = PBXFileReference; lastKnownFileType = sourcecode.swift; path = HomeTableViewHeader.swift; sourceTree = "<group>"; };
		E615121B2AA6513F0076CA05 /* DestaquesViagemTableViewCell.swift */ = {isa = PBXFileReference; lastKnownFileType = sourcecode.swift; path = DestaquesViagemTableViewCell.swift; sourceTree = "<group>"; };
		E615121C2AA6513F0076CA05 /* DestaquesViagemTableViewCell.xib */ = {isa = PBXFileReference; lastKnownFileType = file.xib; path = DestaquesViagemTableViewCell.xib; sourceTree = "<group>"; };
		E61512202AA65CF80076CA05 /* server-response.json */ = {isa = PBXFileReference; fileEncoding = 4; lastKnownFileType = text.json; path = "server-response.json"; sourceTree = "<group>"; };
		E61512222AA65D160076CA05 /* DecodableData.swift */ = {isa = PBXFileReference; fileEncoding = 4; lastKnownFileType = sourcecode.swift; path = DecodableData.swift; sourceTree = "<group>"; };
		E61512242AA65D220076CA05 /* TiposDeViagens.swift */ = {isa = PBXFileReference; fileEncoding = 4; lastKnownFileType = sourcecode.swift; path = TiposDeViagens.swift; sourceTree = "<group>"; };
		E61512262AA65D290076CA05 /* Viagem.swift */ = {isa = PBXFileReference; fileEncoding = 4; lastKnownFileType = sourcecode.swift; path = Viagem.swift; sourceTree = "<group>"; };
		E61512282AA65D9D0076CA05 /* ViagemViewModel.swift */ = {isa = PBXFileReference; lastKnownFileType = sourcecode.swift; path = ViagemViewModel.swift; sourceTree = "<group>"; };
		E615122A2AA65E840076CA05 /* ViagemDestaqueViewModel.swift */ = {isa = PBXFileReference; lastKnownFileType = sourcecode.swift; path = ViagemDestaqueViewModel.swift; sourceTree = "<group>"; };
		E61512312AA761740076CA05 /* OfertaViagemTableViewCell.swift */ = {isa = PBXFileReference; lastKnownFileType = sourcecode.swift; path = OfertaViagemTableViewCell.swift; sourceTree = "<group>"; };
		E61512322AA761740076CA05 /* OfertaViagemTableViewCell.xib */ = {isa = PBXFileReference; lastKnownFileType = file.xib; path = OfertaViagemTableViewCell.xib; sourceTree = "<group>"; };
		E61512352AA762690076CA05 /* ViagemOfertaViewModel.swift */ = {isa = PBXFileReference; lastKnownFileType = sourcecode.swift; path = ViagemOfertaViewModel.swift; sourceTree = "<group>"; };
		E6E8A9F82AA92A9400828EC7 /* DetalhesViewController.swift */ = {isa = PBXFileReference; lastKnownFileType = sourcecode.swift; path = DetalhesViewController.swift; sourceTree = "<group>"; };
		E6E8A9F92AA92A9400828EC7 /* DetalhesViewController.xib */ = {isa = PBXFileReference; lastKnownFileType = file.xib; path = DetalhesViewController.xib; sourceTree = "<group>"; };
		E6F589442ABCBA5400B52849 /* UIView+Extension.swift */ = {isa = PBXFileReference; lastKnownFileType = sourcecode.swift; path = "UIView+Extension.swift"; sourceTree = "<group>"; };
		E6F589482ABCBB3400B52849 /* MainCoordinator.swift */ = {isa = PBXFileReference; fileEncoding = 4; lastKnownFileType = sourcecode.swift; path = MainCoordinator.swift; sourceTree = "<group>"; };
		E6F589492ABCBB3400B52849 /* Coordinator.swift */ = {isa = PBXFileReference; fileEncoding = 4; lastKnownFileType = sourcecode.swift; path = Coordinator.swift; sourceTree = "<group>"; };
		E6F5894C2ABCC38C00B52849 /* Main2.swift */ = {isa = PBXFileReference; lastKnownFileType = sourcecode.swift; path = Main2.swift; sourceTree = "<group>"; };
		E6F5894D2ABCC38C00B52849 /* Main2.xib */ = {isa = PBXFileReference; lastKnownFileType = file.xib; path = Main2.xib; sourceTree = "<group>"; };
		E6F589502ABE19FA00B52849 /* DetailsCoordinator.swift */ = {isa = PBXFileReference; lastKnownFileType = sourcecode.swift; path = DetailsCoordinator.swift; sourceTree = "<group>"; };
		E6F589522ABE353000B52849 /* Duvidas.swift */ = {isa = PBXFileReference; lastKnownFileType = sourcecode.swift; path = Duvidas.swift; sourceTree = "<group>"; };
/* End PBXFileReference section */

/* Begin PBXFrameworksBuildPhase section */
		E61511F62AA615430076CA05 /* Frameworks */ = {
			isa = PBXFrameworksBuildPhase;
			buildActionMask = 2147483647;
			files = (
			);
			runOnlyForDeploymentPostprocessing = 0;
		};
/* End PBXFrameworksBuildPhase section */

/* Begin PBXGroup section */
		B78F37442AAA5DF9005651AE /* Main */ = {
			isa = PBXGroup;
			children = (
				E61512002AA615430076CA05 /* ViewController.swift */,
				E61512022AA615430076CA05 /* Main.storyboard */,
				E6F5894C2ABCC38C00B52849 /* Main2.swift */,
				E6F5894D2ABCC38C00B52849 /* Main2.xib */,
			);
			path = Main;
			sourceTree = "<group>";
		};
		E61511F02AA615430076CA05 = {
			isa = PBXGroup;
			children = (
				E6F589522ABE353000B52849 /* Duvidas.swift */,
				E61511FB2AA615430076CA05 /* Alura_Viagens */,
				E61511FA2AA615430076CA05 /* Products */,
			);
			sourceTree = "<group>";
		};
		E61511FA2AA615430076CA05 /* Products */ = {
			isa = PBXGroup;
			children = (
				E61511F92AA615430076CA05 /* Alura_Viagens.app */,
			);
			name = Products;
			sourceTree = "<group>";
		};
		E61511FB2AA615430076CA05 /* Alura_Viagens */ = {
			isa = PBXGroup;
			children = (
				E6F589472ABCBB3400B52849 /* Coordinators */,
				E61512152AA6489F0076CA05 /* Models */,
				E61512162AA648AD0076CA05 /* View */,
				E61512182AA6491E0076CA05 /* ViewModel */,
				E61512142AA648860076CA05 /* AppDelegate */,
				E615122C2AA675F70076CA05 /* Extensions */,
				E615121F2AA65CE00076CA05 /* Mock */,
				E61512052AA615440076CA05 /* Assets.xcassets */,
				E615120A2AA615440076CA05 /* Info.plist */,
				E61512072AA615440076CA05 /* LaunchScreen.storyboard */,
			);
			path = Alura_Viagens;
			sourceTree = "<group>";
		};
		E61512142AA648860076CA05 /* AppDelegate */ = {
			isa = PBXGroup;
			children = (
				E61511FC2AA615430076CA05 /* AppDelegate.swift */,
				E61511FE2AA615430076CA05 /* SceneDelegate.swift */,
			);
			path = AppDelegate;
			sourceTree = "<group>";
		};
		E61512152AA6489F0076CA05 /* Models */ = {
			isa = PBXGroup;
			children = (
				E61512262AA65D290076CA05 /* Viagem.swift */,
				E61512222AA65D160076CA05 /* DecodableData.swift */,
				E61512242AA65D220076CA05 /* TiposDeViagens.swift */,
			);
			path = Models;
			sourceTree = "<group>";
		};
		E61512162AA648AD0076CA05 /* View */ = {
			isa = PBXGroup;
			children = (
				B78F37442AAA5DF9005651AE /* Main */,
				E6667D642AA7A48600E2876D /* DetalhesViewController */,
				E615121A2AA650F20076CA05 /* Cells */,
				E61512172AA648C00076CA05 /* Header */,
			);
			path = View;
			sourceTree = "<group>";
		};
		E61512172AA648C00076CA05 /* Header */ = {
			isa = PBXGroup;
			children = (
				E61512102AA619860076CA05 /* HomeTableViewHeader.xib */,
				E61512122AA61CD90076CA05 /* HomeTableViewHeader.swift */,
			);
			path = Header;
			sourceTree = "<group>";
		};
		E61512182AA6491E0076CA05 /* ViewModel */ = {
			isa = PBXGroup;
			children = (
				E61512282AA65D9D0076CA05 /* ViagemViewModel.swift */,
				E615122A2AA65E840076CA05 /* ViagemDestaqueViewModel.swift */,
				E61512352AA762690076CA05 /* ViagemOfertaViewModel.swift */,
			);
			path = ViewModel;
			sourceTree = "<group>";
		};
		E615121A2AA650F20076CA05 /* Cells */ = {
			isa = PBXGroup;
			children = (
				E61512302AA761470076CA05 /* Oferta */,
				E615122F2AA761350076CA05 /* Destaques */,
			);
			path = Cells;
			sourceTree = "<group>";
		};
		E615121F2AA65CE00076CA05 /* Mock */ = {
			isa = PBXGroup;
			children = (
				E61512202AA65CF80076CA05 /* server-response.json */,
			);
			path = Mock;
			sourceTree = "<group>";
		};
		E615122C2AA675F70076CA05 /* Extensions */ = {
			isa = PBXGroup;
			children = (
				E6F589442ABCBA5400B52849 /* UIView+Extension.swift */,
			);
			name = Extensions;
			path = ../Extensions;
			sourceTree = "<group>";
		};
		E615122F2AA761350076CA05 /* Destaques */ = {
			isa = PBXGroup;
			children = (
				E615121B2AA6513F0076CA05 /* DestaquesViagemTableViewCell.swift */,
				E615121C2AA6513F0076CA05 /* DestaquesViagemTableViewCell.xib */,
			);
			path = Destaques;
			sourceTree = "<group>";
		};
		E61512302AA761470076CA05 /* Oferta */ = {
			isa = PBXGroup;
			children = (
				E61512312AA761740076CA05 /* OfertaViagemTableViewCell.swift */,
				E61512322AA761740076CA05 /* OfertaViagemTableViewCell.xib */,
			);
			path = Oferta;
			sourceTree = "<group>";
		};
		E6667D642AA7A48600E2876D /* DetalhesViewController */ = {
			isa = PBXGroup;
			children = (
				E6E8A9F82AA92A9400828EC7 /* DetalhesViewController.swift */,
				E6E8A9F92AA92A9400828EC7 /* DetalhesViewController.xib */,
			);
			path = DetalhesViewController;
			sourceTree = "<group>";
		};
		E6F589472ABCBB3400B52849 /* Coordinators */ = {
			isa = PBXGroup;
			children = (
				E6F589482ABCBB3400B52849 /* MainCoordinator.swift */,
				E6F589492ABCBB3400B52849 /* Coordinator.swift */,
				E6F589502ABE19FA00B52849 /* DetailsCoordinator.swift */,
			);
			name = Coordinators;
			path = Alura_Viagens/Coordinators;
			sourceTree = SOURCE_ROOT;
		};
/* End PBXGroup section */

/* Begin PBXNativeTarget section */
		E61511F82AA615430076CA05 /* Alura_Viagens */ = {
			isa = PBXNativeTarget;
			buildConfigurationList = E615120D2AA615440076CA05 /* Build configuration list for PBXNativeTarget "Alura_Viagens" */;
			buildPhases = (
				E61511F52AA615430076CA05 /* Sources */,
				E61511F62AA615430076CA05 /* Frameworks */,
				E61511F72AA615430076CA05 /* Resources */,
			);
			buildRules = (
			);
			dependencies = (
			);
			name = Alura_Viagens;
			productName = Alura_Viagens;
			productReference = E61511F92AA615430076CA05 /* Alura_Viagens.app */;
			productType = "com.apple.product-type.application";
		};
/* End PBXNativeTarget section */

/* Begin PBXProject section */
		E61511F12AA615430076CA05 /* Project object */ = {
			isa = PBXProject;
			attributes = {
				BuildIndependentTargetsInParallel = 1;
				LastSwiftUpdateCheck = 1430;
				LastUpgradeCheck = 1500;
				TargetAttributes = {
					E61511F82AA615430076CA05 = {
						CreatedOnToolsVersion = 14.3.1;
					};
				};
			};
			buildConfigurationList = E61511F42AA615430076CA05 /* Build configuration list for PBXProject "Alura_Viagens" */;
			compatibilityVersion = "Xcode 14.0";
			developmentRegion = en;
			hasScannedForEncodings = 0;
			knownRegions = (
				en,
				Base,
			);
			mainGroup = E61511F02AA615430076CA05;
			productRefGroup = E61511FA2AA615430076CA05 /* Products */;
			projectDirPath = "";
			projectRoot = "";
			targets = (
				E61511F82AA615430076CA05 /* Alura_Viagens */,
			);
		};
/* End PBXProject section */

/* Begin PBXResourcesBuildPhase section */
		E61511F72AA615430076CA05 /* Resources */ = {
			isa = PBXResourcesBuildPhase;
			buildActionMask = 2147483647;
			files = (
				E61512092AA615440076CA05 /* LaunchScreen.storyboard in Resources */,
				E61512212AA65CF80076CA05 /* server-response.json in Resources */,
				E61512112AA619860076CA05 /* HomeTableViewHeader.xib in Resources */,
				E61512062AA615440076CA05 /* Assets.xcassets in Resources */,
				E6E8A9FB2AA92A9400828EC7 /* DetalhesViewController.xib in Resources */,
				E61512042AA615430076CA05 /* Main.storyboard in Resources */,
				E615121E2AA6513F0076CA05 /* DestaquesViagemTableViewCell.xib in Resources */,
				E6F5894F2ABCC38C00B52849 /* Main2.xib in Resources */,
				E61512342AA761740076CA05 /* OfertaViagemTableViewCell.xib in Resources */,
			);
			runOnlyForDeploymentPostprocessing = 0;
		};
/* End PBXResourcesBuildPhase section */

/* Begin PBXSourcesBuildPhase section */
		E61511F52AA615430076CA05 /* Sources */ = {
			isa = PBXSourcesBuildPhase;
			buildActionMask = 2147483647;
			files = (
				E6F5894B2ABCBB3400B52849 /* Coordinator.swift in Sources */,
				E6E8A9FA2AA92A9400828EC7 /* DetalhesViewController.swift in Sources */,
				E61512272AA65D290076CA05 /* Viagem.swift in Sources */,
				E6F589452ABCBA5400B52849 /* UIView+Extension.swift in Sources */,
				E6F5894E2ABCC38C00B52849 /* Main2.swift in Sources */,
				E61512012AA615430076CA05 /* ViewController.swift in Sources */,
				E6F589532ABE353000B52849 /* Duvidas.swift in Sources */,
				E615121D2AA6513F0076CA05 /* DestaquesViagemTableViewCell.swift in Sources */,
				E6F589512ABE19FA00B52849 /* DetailsCoordinator.swift in Sources */,
				E61512362AA762690076CA05 /* ViagemOfertaViewModel.swift in Sources */,
				E61512332AA761740076CA05 /* OfertaViagemTableViewCell.swift in Sources */,
				E61512292AA65D9D0076CA05 /* ViagemViewModel.swift in Sources */,
				E61512252AA65D220076CA05 /* TiposDeViagens.swift in Sources */,
				E61512132AA61CD90076CA05 /* HomeTableViewHeader.swift in Sources */,
				E61512232AA65D160076CA05 /* DecodableData.swift in Sources */,
				E61511FD2AA615430076CA05 /* AppDelegate.swift in Sources */,
				E61511FF2AA615430076CA05 /* SceneDelegate.swift in Sources */,
				E6F5894A2ABCBB3400B52849 /* MainCoordinator.swift in Sources */,
				E615122B2AA65E840076CA05 /* ViagemDestaqueViewModel.swift in Sources */,
			);
			runOnlyForDeploymentPostprocessing = 0;
		};
/* End PBXSourcesBuildPhase section */

/* Begin PBXVariantGroup section */
		E61512022AA615430076CA05 /* Main.storyboard */ = {
			isa = PBXVariantGroup;
			children = (
				E61512032AA615430076CA05 /* Base */,
			);
			name = Main.storyboard;
			sourceTree = "<group>";
		};
		E61512072AA615440076CA05 /* LaunchScreen.storyboard */ = {
			isa = PBXVariantGroup;
			children = (
				E61512082AA615440076CA05 /* Base */,
			);
			name = LaunchScreen.storyboard;
			sourceTree = "<group>";
		};
/* End PBXVariantGroup section */

/* Begin XCBuildConfiguration section */
		E615120B2AA615440076CA05 /* Debug */ = {
			isa = XCBuildConfiguration;
			buildSettings = {
				ALWAYS_SEARCH_USER_PATHS = NO;
				CLANG_ANALYZER_NONNULL = YES;
				CLANG_ANALYZER_NUMBER_OBJECT_CONVERSION = YES_AGGRESSIVE;
				CLANG_CXX_LANGUAGE_STANDARD = "gnu++20";
				CLANG_ENABLE_MODULES = YES;
				CLANG_ENABLE_OBJC_ARC = YES;
				CLANG_ENABLE_OBJC_WEAK = YES;
				CLANG_WARN_BLOCK_CAPTURE_AUTORELEASING = YES;
				CLANG_WARN_BOOL_CONVERSION = YES;
				CLANG_WARN_COMMA = YES;
				CLANG_WARN_CONSTANT_CONVERSION = YES;
				CLANG_WARN_DEPRECATED_OBJC_IMPLEMENTATIONS = YES;
				CLANG_WARN_DIRECT_OBJC_ISA_USAGE = YES_ERROR;
				CLANG_WARN_DOCUMENTATION_COMMENTS = YES;
				CLANG_WARN_EMPTY_BODY = YES;
				CLANG_WARN_ENUM_CONVERSION = YES;
				CLANG_WARN_INFINITE_RECURSION = YES;
				CLANG_WARN_INT_CONVERSION = YES;
				CLANG_WARN_NON_LITERAL_NULL_CONVERSION = YES;
				CLANG_WARN_OBJC_IMPLICIT_RETAIN_SELF = YES;
				CLANG_WARN_OBJC_LITERAL_CONVERSION = YES;
				CLANG_WARN_OBJC_ROOT_CLASS = YES_ERROR;
				CLANG_WARN_QUOTED_INCLUDE_IN_FRAMEWORK_HEADER = YES;
				CLANG_WARN_RANGE_LOOP_ANALYSIS = YES;
				CLANG_WARN_STRICT_PROTOTYPES = YES;
				CLANG_WARN_SUSPICIOUS_MOVE = YES;
				CLANG_WARN_UNGUARDED_AVAILABILITY = YES_AGGRESSIVE;
				CLANG_WARN_UNREACHABLE_CODE = YES;
				CLANG_WARN__DUPLICATE_METHOD_MATCH = YES;
				COPY_PHASE_STRIP = NO;
				DEBUG_INFORMATION_FORMAT = dwarf;
				ENABLE_STRICT_OBJC_MSGSEND = YES;
				ENABLE_TESTABILITY = YES;
				ENABLE_USER_SCRIPT_SANDBOXING = YES;
				GCC_C_LANGUAGE_STANDARD = gnu11;
				GCC_DYNAMIC_NO_PIC = NO;
				GCC_NO_COMMON_BLOCKS = YES;
				GCC_OPTIMIZATION_LEVEL = 0;
				GCC_PREPROCESSOR_DEFINITIONS = (
					"DEBUG=1",
					"$(inherited)",
				);
				GCC_WARN_64_TO_32_BIT_CONVERSION = YES;
				GCC_WARN_ABOUT_RETURN_TYPE = YES_ERROR;
				GCC_WARN_UNDECLARED_SELECTOR = YES;
				GCC_WARN_UNINITIALIZED_AUTOS = YES_AGGRESSIVE;
				GCC_WARN_UNUSED_FUNCTION = YES;
				GCC_WARN_UNUSED_VARIABLE = YES;
				IPHONEOS_DEPLOYMENT_TARGET = 16.4;
				MTL_ENABLE_DEBUG_INFO = INCLUDE_SOURCE;
				MTL_FAST_MATH = YES;
				ONLY_ACTIVE_ARCH = YES;
				SDKROOT = iphoneos;
				SWIFT_ACTIVE_COMPILATION_CONDITIONS = DEBUG;
				SWIFT_OPTIMIZATION_LEVEL = "-Onone";
			};
			name = Debug;
		};
		E615120C2AA615440076CA05 /* Release */ = {
			isa = XCBuildConfiguration;
			buildSettings = {
				ALWAYS_SEARCH_USER_PATHS = NO;
				CLANG_ANALYZER_NONNULL = YES;
				CLANG_ANALYZER_NUMBER_OBJECT_CONVERSION = YES_AGGRESSIVE;
				CLANG_CXX_LANGUAGE_STANDARD = "gnu++20";
				CLANG_ENABLE_MODULES = YES;
				CLANG_ENABLE_OBJC_ARC = YES;
				CLANG_ENABLE_OBJC_WEAK = YES;
				CLANG_WARN_BLOCK_CAPTURE_AUTORELEASING = YES;
				CLANG_WARN_BOOL_CONVERSION = YES;
				CLANG_WARN_COMMA = YES;
				CLANG_WARN_CONSTANT_CONVERSION = YES;
				CLANG_WARN_DEPRECATED_OBJC_IMPLEMENTATIONS = YES;
				CLANG_WARN_DIRECT_OBJC_ISA_USAGE = YES_ERROR;
				CLANG_WARN_DOCUMENTATION_COMMENTS = YES;
				CLANG_WARN_EMPTY_BODY = YES;
				CLANG_WARN_ENUM_CONVERSION = YES;
				CLANG_WARN_INFINITE_RECURSION = YES;
				CLANG_WARN_INT_CONVERSION = YES;
				CLANG_WARN_NON_LITERAL_NULL_CONVERSION = YES;
				CLANG_WARN_OBJC_IMPLICIT_RETAIN_SELF = YES;
				CLANG_WARN_OBJC_LITERAL_CONVERSION = YES;
				CLANG_WARN_OBJC_ROOT_CLASS = YES_ERROR;
				CLANG_WARN_QUOTED_INCLUDE_IN_FRAMEWORK_HEADER = YES;
				CLANG_WARN_RANGE_LOOP_ANALYSIS = YES;
				CLANG_WARN_STRICT_PROTOTYPES = YES;
				CLANG_WARN_SUSPICIOUS_MOVE = YES;
				CLANG_WARN_UNGUARDED_AVAILABILITY = YES_AGGRESSIVE;
				CLANG_WARN_UNREACHABLE_CODE = YES;
				CLANG_WARN__DUPLICATE_METHOD_MATCH = YES;
				COPY_PHASE_STRIP = NO;
				DEBUG_INFORMATION_FORMAT = "dwarf-with-dsym";
				ENABLE_NS_ASSERTIONS = NO;
				ENABLE_STRICT_OBJC_MSGSEND = YES;
				ENABLE_USER_SCRIPT_SANDBOXING = YES;
				GCC_C_LANGUAGE_STANDARD = gnu11;
				GCC_NO_COMMON_BLOCKS = YES;
				GCC_WARN_64_TO_32_BIT_CONVERSION = YES;
				GCC_WARN_ABOUT_RETURN_TYPE = YES_ERROR;
				GCC_WARN_UNDECLARED_SELECTOR = YES;
				GCC_WARN_UNINITIALIZED_AUTOS = YES_AGGRESSIVE;
				GCC_WARN_UNUSED_FUNCTION = YES;
				GCC_WARN_UNUSED_VARIABLE = YES;
				IPHONEOS_DEPLOYMENT_TARGET = 16.4;
				MTL_ENABLE_DEBUG_INFO = NO;
				MTL_FAST_MATH = YES;
				SDKROOT = iphoneos;
				SWIFT_COMPILATION_MODE = wholemodule;
				SWIFT_OPTIMIZATION_LEVEL = "-O";
				VALIDATE_PRODUCT = YES;
			};
			name = Release;
		};
		E615120E2AA615440076CA05 /* Debug */ = {
			isa = XCBuildConfiguration;
			buildSettings = {
				ASSETCATALOG_COMPILER_APPICON_NAME = AppIcon;
				ASSETCATALOG_COMPILER_GLOBAL_ACCENT_COLOR_NAME = AccentColor;
				CODE_SIGN_STYLE = Automatic;
				CURRENT_PROJECT_VERSION = 1;
				DEVELOPMENT_TEAM = 9A8JUJ4K6L;
				GENERATE_INFOPLIST_FILE = YES;
				INFOPLIST_FILE = Alura_Viagens/Info.plist;
				INFOPLIST_KEY_UIApplicationSupportsIndirectInputEvents = YES;
				INFOPLIST_KEY_UILaunchStoryboardName = LaunchScreen;
				INFOPLIST_KEY_UIMainStoryboardFile = Main;
				INFOPLIST_KEY_UISupportedInterfaceOrientations_iPad = "UIInterfaceOrientationPortrait UIInterfaceOrientationPortraitUpsideDown UIInterfaceOrientationLandscapeLeft UIInterfaceOrientationLandscapeRight";
				INFOPLIST_KEY_UISupportedInterfaceOrientations_iPhone = "UIInterfaceOrientationPortrait UIInterfaceOrientationLandscapeLeft UIInterfaceOrientationLandscapeRight";
				LD_RUNPATH_SEARCH_PATHS = (
					"$(inherited)",
					"@executable_path/Frameworks",
				);
				MARKETING_VERSION = 1.0;
				PRODUCT_BUNDLE_IDENTIFIER = "Wagner.Alura-Viagens";
				PRODUCT_NAME = "$(TARGET_NAME)";
				SWIFT_EMIT_LOC_STRINGS = YES;
				SWIFT_VERSION = 5.0;
				TARGETED_DEVICE_FAMILY = "1,2";
			};
			name = Debug;
		};
		E615120F2AA615440076CA05 /* Release */ = {
			isa = XCBuildConfiguration;
			buildSettings = {
				ASSETCATALOG_COMPILER_APPICON_NAME = AppIcon;
				ASSETCATALOG_COMPILER_GLOBAL_ACCENT_COLOR_NAME = AccentColor;
				CODE_SIGN_STYLE = Automatic;
				CURRENT_PROJECT_VERSION = 1;
				DEVELOPMENT_TEAM = 9A8JUJ4K6L;
				GENERATE_INFOPLIST_FILE = YES;
				INFOPLIST_FILE = Alura_Viagens/Info.plist;
				INFOPLIST_KEY_UIApplicationSupportsIndirectInputEvents = YES;
				INFOPLIST_KEY_UILaunchStoryboardName = LaunchScreen;
				INFOPLIST_KEY_UIMainStoryboardFile = Main;
				INFOPLIST_KEY_UISupportedInterfaceOrientations_iPad = "UIInterfaceOrientationPortrait UIInterfaceOrientationPortraitUpsideDown UIInterfaceOrientationLandscapeLeft UIInterfaceOrientationLandscapeRight";
				INFOPLIST_KEY_UISupportedInterfaceOrientations_iPhone = "UIInterfaceOrientationPortrait UIInterfaceOrientationLandscapeLeft UIInterfaceOrientationLandscapeRight";
				LD_RUNPATH_SEARCH_PATHS = (
					"$(inherited)",
					"@executable_path/Frameworks",
				);
				MARKETING_VERSION = 1.0;
				PRODUCT_BUNDLE_IDENTIFIER = "Wagner.Alura-Viagens";
				PRODUCT_NAME = "$(TARGET_NAME)";
				SWIFT_EMIT_LOC_STRINGS = YES;
				SWIFT_VERSION = 5.0;
				TARGETED_DEVICE_FAMILY = "1,2";
			};
			name = Release;
		};
/* End XCBuildConfiguration section */

/* Begin XCConfigurationList section */
		E61511F42AA615430076CA05 /* Build configuration list for PBXProject "Alura_Viagens" */ = {
			isa = XCConfigurationList;
			buildConfigurations = (
				E615120B2AA615440076CA05 /* Debug */,
				E615120C2AA615440076CA05 /* Release */,
			);
			defaultConfigurationIsVisible = 0;
			defaultConfigurationName = Release;
		};
		E615120D2AA615440076CA05 /* Build configuration list for PBXNativeTarget "Alura_Viagens" */ = {
			isa = XCConfigurationList;
			buildConfigurations = (
				E615120E2AA615440076CA05 /* Debug */,
				E615120F2AA615440076CA05 /* Release */,
			);
			defaultConfigurationIsVisible = 0;
			defaultConfigurationName = Release;
		};
/* End XCConfigurationList section */
	};
	rootObject = E61511F12AA615430076CA05 /* Project object */;
}
